
Microsoft Visual Studio Solution File, Format Version 12.00
# Visual Studio Version 17
VisualStudioVersion = 17.9.34310.174
MinimumVisualStudioVersion = 10.0.40219.1
Project("{9A19103F-16F7-4668-BE54-9A1E7A4F7556}") = "PrimaryCtor", "NewCSharpFeatures\PrimaryCtor\PrimaryCtor.csproj", "{8ADF690C-51F2-4576-922D-6947998F1F93}"
EndProject
Project("{2150E333-8FDC-42A3-9474-1A3956D46DE8}") = "NewCSharpFeatures", "NewCSharpFeatures", "{CC4832C7-3635-4A79-85BB-9AA609F944B6}"
EndProject
Project("{9A19103F-16F7-4668-BE54-9A1E7A4F7556}") = "CollectionExpressions", "CollectionExpressions\CollectionExpressions.csproj", "{2757BB2B-BF7F-4F20-89F5-A11C1ACB10B9}"
EndProject
Project("{9A19103F-16F7-4668-BE54-9A1E7A4F7556}") = "DefaultLamdaPara", "DefaultLamdaPara\DefaultLamdaPara.csproj", "{C130D9D5-2F2B-40FE-AA7D-C624470BB73E}"
EndProject
Project("{9A19103F-16F7-4668-BE54-9A1E7A4F7556}") = "AliasAnyType", "AliasAnyType\AliasAnyType.csproj", "{BD7F1463-23F5-4E8F-89AE-5FE76498A111}"
EndProject
Project("{9A19103F-16F7-4668-BE54-9A1E7A4F7556}") = "InlineArrays", "InlineArrays\InlineArrays.csproj", "{A799DD68-3AB4-4FB7-8253-8372D2958756}"
EndProject
Project("{9A19103F-16F7-4668-BE54-9A1E7A4F7556}") = "ExperimetalAttribute", "ExperimetalAttribute\ExperimetalAttribute.csproj", "{EA4E758F-71C0-4748-9A7E-3601276790C1}"
EndProject
Project("{9A19103F-16F7-4668-BE54-9A1E7A4F7556}") = "Interceptors", "Interceptors\Interceptors.csproj", "{9AD2F1EF-DD71-4D60-8C2C-14C6BF3BED00}"
EndProject
Project("{2150E333-8FDC-42A3-9474-1A3956D46DE8}") = "DesktopUIs", "DesktopUIs", "{81540EA8-E93C-4051-87AC-C90B909AB8DD}"
EndProject
Project("{9A19103F-16F7-4668-BE54-9A1E7A4F7556}") = "NewFolderBrowser", "NewFolderBrowser\NewFolderBrowser.csproj", "{F879932F-CF5E-477A-A761-E54D120E0150}"
EndProject
Project("{778DAE3C-4631-46EA-AA77-85C1314464D9}") = "VB_WinForms", "VB_WinForms\VB_WinForms.vbproj", "{A242FBA7-1B05-4779-9581-7348D9D3990D}"
EndProject
Global
	GlobalSection(SolutionConfigurationPlatforms) = preSolution
		Debug|Any CPU = Debug|Any CPU
		Release|Any CPU = Release|Any CPU
	EndGlobalSection
	GlobalSection(ProjectConfigurationPlatforms) = postSolution
		{8ADF690C-51F2-4576-922D-6947998F1F93}.Debug|Any CPU.ActiveCfg = Debug|Any CPU
		{8ADF690C-51F2-4576-922D-6947998F1F93}.Debug|Any CPU.Build.0 = Debug|Any CPU
		{8ADF690C-51F2-4576-922D-6947998F1F93}.Release|Any CPU.ActiveCfg = Release|Any CPU
		{8ADF690C-51F2-4576-922D-6947998F1F93}.Release|Any CPU.Build.0 = Release|Any CPU
		{2757BB2B-BF7F-4F20-89F5-A11C1ACB10B9}.Debug|Any CPU.ActiveCfg = Debug|Any CPU
		{2757BB2B-BF7F-4F20-89F5-A11C1ACB10B9}.Debug|Any CPU.Build.0 = Debug|Any CPU
		{2757BB2B-BF7F-4F20-89F5-A11C1ACB10B9}.Release|Any CPU.ActiveCfg = Release|Any CPU
		{2757BB2B-BF7F-4F20-89F5-A11C1ACB10B9}.Release|Any CPU.Build.0 = Release|Any CPU
		{C130D9D5-2F2B-40FE-AA7D-C624470BB73E}.Debug|Any CPU.ActiveCfg = Debug|Any CPU
		{C130D9D5-2F2B-40FE-AA7D-C624470BB73E}.Debug|Any CPU.Build.0 = Debug|Any CPU
		{C130D9D5-2F2B-40FE-AA7D-C624470BB73E}.Release|Any CPU.ActiveCfg = Release|Any CPU
		{C130D9D5-2F2B-40FE-AA7D-C624470BB73E}.Release|Any CPU.Build.0 = Release|Any CPU
		{BD7F1463-23F5-4E8F-89AE-5FE76498A111}.Debug|Any CPU.ActiveCfg = Debug|Any CPU
		{BD7F1463-23F5-4E8F-89AE-5FE76498A111}.Debug|Any CPU.Build.0 = Debug|Any CPU
		{BD7F1463-23F5-4E8F-89AE-5FE76498A111}.Release|Any CPU.ActiveCfg = Release|Any CPU
		{BD7F1463-23F5-4E8F-89AE-5FE76498A111}.Release|Any CPU.Build.0 = Release|Any CPU
		{A799DD68-3AB4-4FB7-8253-8372D2958756}.Debug|Any CPU.ActiveCfg = Debug|Any CPU
		{A799DD68-3AB4-4FB7-8253-8372D2958756}.Debug|Any CPU.Build.0 = Debug|Any CPU
		{A799DD68-3AB4-4FB7-8253-8372D2958756}.Release|Any CPU.ActiveCfg = Release|Any CPU
		{A799DD68-3AB4-4FB7-8253-8372D2958756}.Release|Any CPU.Build.0 = Release|Any CPU
		{EA4E758F-71C0-4748-9A7E-3601276790C1}.Debug|Any CPU.ActiveCfg = Debug|Any CPU
		{EA4E758F-71C0-4748-9A7E-3601276790C1}.Debug|Any CPU.Build.0 = Debug|Any CPU
		{EA4E758F-71C0-4748-9A7E-3601276790C1}.Release|Any CPU.ActiveCfg = Release|Any CPU
		{EA4E758F-71C0-4748-9A7E-3601276790C1}.Release|Any CPU.Build.0 = Release|Any CPU
		{9AD2F1EF-DD71-4D60-8C2C-14C6BF3BED00}.Debug|Any CPU.ActiveCfg = Debug|Any CPU
		{9AD2F1EF-DD71-4D60-8C2C-14C6BF3BED00}.Debug|Any CPU.Build.0 = Debug|Any CPU
		{9AD2F1EF-DD71-4D60-8C2C-14C6BF3BED00}.Release|Any CPU.ActiveCfg = Release|Any CPU
		{9AD2F1EF-DD71-4D60-8C2C-14C6BF3BED00}.Release|Any CPU.Build.0 = Release|Any CPU
		{F879932F-CF5E-477A-A761-E54D120E0150}.Debug|Any CPU.ActiveCfg = Debug|Any CPU
		{F879932F-CF5E-477A-A761-E54D120E0150}.Debug|Any CPU.Build.0 = Debug|Any CPU
		{F879932F-CF5E-477A-A761-E54D120E0150}.Release|Any CPU.ActiveCfg = Release|Any CPU
		{F879932F-CF5E-477A-A761-E54D120E0150}.Release|Any CPU.Build.0 = Release|Any CPU
		{A242FBA7-1B05-4779-9581-7348D9D3990D}.Debug|Any CPU.ActiveCfg = Debug|Any CPU
		{A242FBA7-1B05-4779-9581-7348D9D3990D}.Debug|Any CPU.Build.0 = Debug|Any CPU
		{A242FBA7-1B05-4779-9581-7348D9D3990D}.Release|Any CPU.ActiveCfg = Release|Any CPU
		{A242FBA7-1B05-4779-9581-7348D9D3990D}.Release|Any CPU.Build.0 = Release|Any CPU
	EndGlobalSection
	GlobalSection(SolutionProperties) = preSolution
		HideSolutionNode = FALSE
	EndGlobalSection
	GlobalSection(NestedProjects) = preSolution
		{8ADF690C-51F2-4576-922D-6947998F1F93} = {CC4832C7-3635-4A79-85BB-9AA609F944B6}
		{2757BB2B-BF7F-4F20-89F5-A11C1ACB10B9} = {CC4832C7-3635-4A79-85BB-9AA609F944B6}
		{C130D9D5-2F2B-40FE-AA7D-C624470BB73E} = {CC4832C7-3635-4A79-85BB-9AA609F944B6}
		{BD7F1463-23F5-4E8F-89AE-5FE76498A111} = {CC4832C7-3635-4A79-85BB-9AA609F944B6}
		{A799DD68-3AB4-4FB7-8253-8372D2958756} = {CC4832C7-3635-4A79-85BB-9AA609F944B6}
		{EA4E758F-71C0-4748-9A7E-3601276790C1} = {CC4832C7-3635-4A79-85BB-9AA609F944B6}
		{9AD2F1EF-DD71-4D60-8C2C-14C6BF3BED00} = {CC4832C7-3635-4A79-85BB-9AA609F944B6}
		{F879932F-CF5E-477A-A761-E54D120E0150} = {81540EA8-E93C-4051-87AC-C90B909AB8DD}
		{A242FBA7-1B05-4779-9581-7348D9D3990D} = {81540EA8-E93C-4051-87AC-C90B909AB8DD}
	EndGlobalSection
	GlobalSection(ExtensibilityGlobals) = postSolution
		SolutionGuid = {11D3968D-B87A-4D97-BB65-36D39FF0ACBC}
	EndGlobalSection
EndGlobal
